
Microsoft Visual Studio Solution File, Format Version 12.00
# Visual Studio Version 17
VisualStudioVersion = 17.13.35931.197
MinimumVisualStudioVersion = 10.0.40219.1
Project("{FAE04EC0-301F-11D3-BF4B-00C04F79EFBC}") = "GreenComp6", "GreenComp6\GreenComp6\GreenComp6.csproj", "{D39C199D-FB6F-4330-88A7-4DBAF2B23317}"
EndProject
Project("{FAE04EC0-301F-11D3-BF4B-00C04F79EFBC}") = "GreenComp6.Client", "GreenComp6\GreenComp6.Client\GreenComp6.Client.csproj", "{9B484777-661D-4CAF-8D20-7A64EBCD7763}"
EndProject
Global
	GlobalSection(SolutionConfigurationPlatforms) = preSolution
		Debug|Any CPU = Debug|Any CPU
		Release|Any CPU = Release|Any CPU
	EndGlobalSection
	GlobalSection(ProjectConfigurationPlatforms) = postSolution
		{D39C199D-FB6F-4330-88A7-4DBAF2B23317}.Debug|Any CPU.ActiveCfg = Debug|Any CPU
		{D39C199D-FB6F-4330-88A7-4DBAF2B23317}.Debug|Any CPU.Build.0 = Debug|Any CPU
		{D39C199D-FB6F-4330-88A7-4DBAF2B23317}.Release|Any CPU.ActiveCfg = Release|Any CPU
		{D39C199D-FB6F-4330-88A7-4DBAF2B23317}.Release|Any CPU.Build.0 = Release|Any CPU
		{9B484777-661D-4CAF-8D20-7A64EBCD7763}.Debug|Any CPU.ActiveCfg = Debug|Any CPU
		{9B484777-661D-4CAF-8D20-7A64EBCD7763}.Debug|Any CPU.Build.0 = Debug|Any CPU
		{9B484777-661D-4CAF-8D20-7A64EBCD7763}.Release|Any CPU.ActiveCfg = Release|Any CPU
		{9B484777-661D-4CAF-8D20-7A64EBCD7763}.Release|Any CPU.Build.0 = Release|Any CPU
	EndGlobalSection
	GlobalSection(SolutionProperties) = preSolution
		HideSolutionNode = FALSE
	EndGlobalSection
	GlobalSection(ExtensibilityGlobals) = postSolution
		SolutionGuid = {9981B331-7062-43B3-B8BB-C3373C008F23}
	EndGlobalSection
EndGlobal
